PODS:
  - Capacitor (7.4.3):
    - CapacitorCordova
  - CapacitorBrowser (7.0.2):
    - Capacitor
  - CapacitorCordova (7.4.3)
  - CapacitorPushNotifications (7.0.3):
    - Capacitor

DEPENDENCIES:
  - Capacitor (from `../../node_modules/@capacitor/ios`)
  - CapacitorBrowser (from `../../node_modules/@capacitor/browser`)
  - CapacitorCordova (from `../../node_modules/@capacitor/ios`)
  - CapacitorPushNotifications (from `../../node_modules/@capacitor/push-notifications`)
  - CordovaPlugins (from `../capacitor-cordova-ios-plugins`)

EXTERNAL SOURCES:
  Capacitor:
    :path: "../../node_modules/@capacitor/ios"
  CapacitorBrowser:
    :path: "../../node_modules/@capacitor/browser"
  CapacitorCordova:
    :path: "../../node_modules/@capacitor/ios"
  CapacitorPushNotifications:
    :path: "../../node_modules/@capacitor/push-notifications"
  CordovaPlugins:
    :path: "../capacitor-cordova-ios-plugins"

SPEC CHECKSUMS:
  Capacitor: 7a8be6874c47ae9518ca9c29a1f9012ab2be5ef3
  CapacitorBrowser: 8c90c43c1b1c67d8dba81b0e5cc1e1b86f89de7a
  CapacitorCordova: 7a8be6874c47ae9518ca9c29a1f9012ab2be5ef3
  CapacitorPushNotifications: 3c4e6c0f8d1c2b4a5e6f7890abcdef1234567890

PODFILE CHECKSUM: a1b2c3d4e5f6789012345678901234567890abcd

COCOAPODS: 1.15.2
